github.com/SpineEventEngine/documentation/docs v0.0.0-20251215141546-8a4bbba5b1e4 h1:9PdrpO1Elll1u7I4gUy1rQ73zQRT/N9txtKAXlwM8Lg=
github.com/SpineEventEngine/documentation/docs v0.0.0-20251215141546-8a4bbba5b1e4/go.mod h1:0lSB4kPZY9Qk429mepYiraNIEucYDIwiNVhJ3Wn3gKo=
github.com/TeamDev-Ltd/site-commons v0.0.0-20251202150534-a795438915ff h1:8kjfGJhf6LeS+IlK9NRktxtcv6O/WDneBuQD3QLPGIs=
github.com/TeamDev-Ltd/site-commons v0.0.0-20251202150534-a795438915ff/go.mod h1:atDeksDWBzsIidpW6Ivz2yYHwp2JPa1i1KXIxkctQ3c=
