github.com/SpineEventEngine/documentation/docs v0.0.0-20260212165736-326134d163f8 h1:zuq0a847seaWszu+bNDOego2P9wJVCOOElfgOtyobyU=
github.com/SpineEventEngine/documentation/docs v0.0.0-20260212165736-326134d163f8/go.mod h1:0lSB4kPZY9Qk429mepYiraNIEucYDIwiNVhJ3Wn3gKo=
github.com/SpineEventEngine/site-commons v0.0.0-20260212124406-a312b6eab34c h1:NtLNdAfuL3uQB+8cU5sBzx+2tlRXlxd1+76okBWj0Ek=
github.com/SpineEventEngine/site-commons v0.0.0-20260212124406-a312b6eab34c/go.mod h1:tkAl4StIREKmz9r5PiJtuDhvwMMkFXKWcaTyxhIikho=
github.com/SpineEventEngine/validation/docs v0.0.0-20260205202311-181ba8844107 h1:2DHRIwwLudP6l3Kh7Nd4KR4uXcsDtIAXE9adW68ivME=
github.com/SpineEventEngine/validation/docs v0.0.0-20260205202311-181ba8844107/go.mod h1:STHyjXejVvPmfrxujfDvhofmjg55mMk+fwI3TVL0b4Y=
github.com/gohugoio/hugo-mod-bootstrap-scss/v5 v5.20300.20400 h1:L6+F22i76xmeWWwrtijAhUbf3BiRLmpO5j34bgl1ggU=
github.com/gohugoio/hugo-mod-bootstrap-scss/v5 v5.20300.20400/go.mod h1:uekq1D4ebeXgduLj8VIZy8TgfTjrLdSl6nPtVczso78=
github.com/gohugoio/hugo-mod-jslibs-dist/popperjs/v2 v2.21100.20000 h1:GZxx4Hc+yb0/t3/rau1j8XlAxLE4CyXns2fqQbyqWfs=
github.com/gohugoio/hugo-mod-jslibs-dist/popperjs/v2 v2.21100.20000/go.mod h1:mFberT6ZtcchrsDtfvJM7aAH2bDKLdOnruUHl0hlapI=
github.com/twbs/bootstrap v5.3.3+incompatible/go.mod h1:fZTSrkpSf0/HkL0IIJzvVspTt1r9zuf7XlZau8kpcY0=
github.com/twbs/bootstrap v5.3.8+incompatible h1:eK1fsXP7R/FWFt+sSNmmvUH9usPocf240nWVw7Dh02o=
github.com/twbs/bootstrap v5.3.8+incompatible/go.mod h1:fZTSrkpSf0/HkL0IIJzvVspTt1r9zuf7XlZau8kpcY0=
