github.com/SpineEventEngine/documentation/_hugo-theme v0.0.0-20251210191801-6a99d2abf15d h1:UjIT6P2i0ydN/G7UkjurIpcRJ3UBUxkptcPNzwy3cAM=
github.com/SpineEventEngine/documentation/_hugo-theme v0.0.0-20251210191801-6a99d2abf15d/go.mod h1:PPVLQ3BPcQrF8O73Hk+wcEk22zcQjZSO9tQ2J7Pj7Mk=
github.com/TeamDev-Ltd/site-commons v0.0.0-20251202150534-a795438915ff h1:8kjfGJhf6LeS+IlK9NRktxtcv6O/WDneBuQD3QLPGIs=
github.com/TeamDev-Ltd/site-commons v0.0.0-20251202150534-a795438915ff/go.mod h1:atDeksDWBzsIidpW6Ivz2yYHwp2JPa1i1KXIxkctQ3c=
